<?xml version="1.0" encoding="utf-8"?>
<Project ToolsVersion="4.0" xmlns="http://schemas.microsoft.com/developer/msbuild/2003">
  <ItemGroup>
    <Filter Include="Source Files">
      <UniqueIdentifier>{4FC737F1-C7A5-4376-A066-2A32D752A2FF}</UniqueIdentifier>
      <Extensions>cpp;c;cc;cxx;def;odl;idl;hpj;bat;asm;asmx</Extensions>
    </Filter>
    <Filter Include="Header Files">
      <UniqueIdentifier>{93995380-89BD-4b04-88EB-625FBE52EBFB}</UniqueIdentifier>
      <Extensions>h;hh;hpp;hxx;hm;inl;inc;xsd</Extensions>
    </Filter>
    <Filter Include="Resource Files">
      <UniqueIdentifier>{67DA6AB6-F800-4c08-8B7A-83BB121AAD01}</UniqueIdentifier>
      <Extensions>rc;ico;cur;bmp;dlg;rc2;rct;bin;rgs;gif;jpg;jpeg;jpe;resx;tiff;tif;png;wav;mfcribbon-ms</Extensions>
    </Filter>
    <Filter Include="Source Files\game">
      <UniqueIdentifier>{e965fc5e-9fb0-42be-bef9-550ea76f45a0}</UniqueIdentifier>
    </Filter>
    <Filter Include="Header Files\game">
      <UniqueIdentifier>{9e32d5bc-fa4f-4907-9ef9-133ed32d94e3}</UniqueIdentifier>
    </Filter>
    <Filter Include="Source Files\TextureManager">
      <UniqueIdentifier>{fdce4dad-3167-472b-bed9-c1b60df04247}</UniqueIdentifier>
    </Filter>
    <Filter Include="Header Files\TextureManager">
      <UniqueIdentifier>{5a4634fc-dee4-420c-9886-cf46f30a1a8b}</UniqueIdentifier>
    </Filter>
    <Filter Include="Header Files\objects">
      <UniqueIdentifier>{3bd37051-6d9e-48df-b76f-d0b6feb68b53}</UniqueIdentifier>
    </Filter>
    <Filter Include="Source Files\objects">
      <UniqueIdentifier>{d26b1e16-e105-430e-86c8-2ab09e0e66b8}</UniqueIdentifier>
    </Filter>
    <Filter Include="Header Files\vector2d">
      <UniqueIdentifier>{46df6ca6-ee92-4368-90fd-13e67cfaae11}</UniqueIdentifier>
    </Filter>
    <Filter Include="Source Files\vector2d">
      <UniqueIdentifier>{70643252-f58d-45a7-ab33-fc5df644ce8a}</UniqueIdentifier>
    </Filter>
    <Filter Include="Header Files\inputManger">
      <UniqueIdentifier>{fc4a78dc-15e6-4c35-80f0-59fd5735562f}</UniqueIdentifier>
    </Filter>
    <Filter Include="Source Files\inputManager">
      <UniqueIdentifier>{a50d5633-835b-48dd-a46a-71a00bfebeaf}</UniqueIdentifier>
    </Filter>
    <Filter Include="Header Files\GameStates">
      <UniqueIdentifier>{a47944a8-8f7c-490f-9790-af9fd39d808a}</UniqueIdentifier>
    </Filter>
    <Filter Include="Source Files\GameStates">
      <UniqueIdentifier>{f4b32430-4e53-4394-bd6a-1f5917a85e8f}</UniqueIdentifier>
    </Filter>
    <Filter Include="Header Files\xmlparser">
      <UniqueIdentifier>{0c4da06a-f4c9-4a63-9b2e-212abfece046}</UniqueIdentifier>
    </Filter>
    <Filter Include="Source Files\xmlparser">
      <UniqueIdentifier>{b721c90b-c10d-4a23-bce9-268a20513460}</UniqueIdentifier>
    </Filter>
    <Filter Include="Source Files\tinyxml">
      <UniqueIdentifier>{3d1afb2c-6730-4830-84de-a466360b854d}</UniqueIdentifier>
    </Filter>
  </ItemGroup>
  <ItemGroup>
    <ClCompile Include="..\src\Source.cpp">
      <Filter>Source Files</Filter>
    </ClCompile>
    <ClCompile Include="..\src\game\Game.cpp">
      <Filter>Source Files\game</Filter>
    </ClCompile>
    <ClCompile Include="..\src\TextureManager\TextureManager.cpp">
      <Filter>Source Files\TextureManager</Filter>
    </ClCompile>
    <ClCompile Include="..\src\objects\SDLGameObject.cpp">
      <Filter>Source Files\objects</Filter>
    </ClCompile>
    <ClCompile Include="..\src\vector2d\Vector2D.cpp">
      <Filter>Source Files\vector2d</Filter>
    </ClCompile>
    <ClCompile Include="..\src\inputHandler\InputManager.cpp">
      <Filter>Source Files\inputManager</Filter>
    </ClCompile>
    <ClCompile Include="..\src\GameStates\GameStateMachine.cpp">
      <Filter>Source Files\GameStates</Filter>
    </ClCompile>
    <ClCompile Include="..\src\GameStates\MenuGameState.cpp">
      <Filter>Source Files\GameStates</Filter>
    </ClCompile>
    <ClCompile Include="..\src\GameStates\PlayGameState.cpp">
      <Filter>Source Files\GameStates</Filter>
    </ClCompile>
    <ClCompile Include="..\src\objects\Button.cpp">
      <Filter>Source Files\objects</Filter>
    </ClCompile>
    <ClCompile Include="..\src\objects\GameObject.cpp">
      <Filter>Source Files\objects</Filter>
    </ClCompile>
    <ClCompile Include="..\src\GameStates\GameStates.cpp">
      <Filter>Source Files\GameStates</Filter>
    </ClCompile>
    <ClCompile Include="..\src\GameStates\PauseGameState.cpp">
      <Filter>Source Files\GameStates</Filter>
    </ClCompile>
    <ClCompile Include="..\src\xmlparser\StateParser.cpp">
      <Filter>Source Files\xmlparser</Filter>
    </ClCompile>
    <ClCompile Include="..\include\tinyxml\tinystr.cpp">
      <Filter>Source Files\tinyxml</Filter>
    </ClCompile>
    <ClCompile Include="..\include\tinyxml\tinyxml.cpp">
      <Filter>Source Files\tinyxml</Filter>
    </ClCompile>
    <ClCompile Include="..\include\tinyxml\tinyxmlerror.cpp">
      <Filter>Source Files\tinyxml</Filter>
    </ClCompile>
    <ClCompile Include="..\include\tinyxml\tinyxmlparser.cpp">
      <Filter>Source Files\tinyxml</Filter>
    </ClCompile>
  </ItemGroup>
  <ItemGroup>
    <ClInclude Include="..\src\game\Game.h">
      <Filter>Header Files\game</Filter>
    </ClInclude>
    <ClInclude Include="..\src\TextureManager\TextureManager.h">
      <Filter>Header Files\TextureManager</Filter>
    </ClInclude>
    <ClInclude Include="..\src\objects\GameObject.h">
      <Filter>Header Files\objects</Filter>
    </ClInclude>
    <ClInclude Include="..\src\objects\SDLGameObject.h">
      <Filter>Header Files\objects</Filter>
    </ClInclude>
    <ClInclude Include="..\src\vector2d\Vector2D.h">
      <Filter>Header Files\vector2d</Filter>
    </ClInclude>
    <ClInclude Include="..\src\inputHandler\InputManager.h">
      <Filter>Header Files\inputManger</Filter>
    </ClInclude>
    <ClInclude Include="..\src\GameStates\GameState.h">
      <Filter>Header Files\GameStates</Filter>
    </ClInclude>
    <ClInclude Include="..\src\GameStates\GameStateMachine.h">
      <Filter>Header Files\GameStates</Filter>
    </ClInclude>
    <ClInclude Include="..\src\GameStates\MenuGameState.h">
      <Filter>Header Files\GameStates</Filter>
    </ClInclude>
    <ClInclude Include="..\src\GameStates\PlayGameState.h">
      <Filter>Header Files\GameStates</Filter>
    </ClInclude>
    <ClInclude Include="..\src\objects\Button.h">
      <Filter>Header Files\objects</Filter>
    </ClInclude>
    <ClInclude Include="..\src\GameStates\PauseGameState.h">
      <Filter>Header Files\GameStates</Filter>
    </ClInclude>
    <ClInclude Include="..\src\xmlparser\StateParser.h">
      <Filter>Header Files\xmlparser</Filter>
    </ClInclude>
  </ItemGroup>
</Project>